<?xml version="1.0" encoding="utf-8"?>
<Project ToolsVersion="16.0" xmlns="http://schemas.microsoft.com/developer/msbuild/2003">
  <ItemGroup>
    <CustomBuild Include="C:\Users\rodri\Documents\Git\KinectUSS\Kinect\libfreenect2\test\CMakeFiles\b4f79f7bcc9990f0dc1667d96a2af727\INSTALL_force.rule">
      <Filter>CMake Rules</Filter>
    </CustomBuild>
  </ItemGroup>
  <ItemGroup>
    <Filter Include="CMake Rules">
      <UniqueIdentifier>{CF602266-6F28-3A8A-9D8F-DFB9EDE15222}</UniqueIdentifier>
    </Filter>
  </ItemGroup>
</Project>
