
Microsoft Visual Studio Solution File, Format Version 12.00
# Visual Studio Version 16
Project("{8BC9CEB8-8B4A-11D0-8D11-00A0C91BC942}") = "ALL_BUILD", "ALL_BUILD.vcxproj", "{35D1EFA4-EB01-33D5-95BD-F07A23531DCF}"
	ProjectSection(ProjectDependencies) = postProject
		{CB6C961A-8444-30EE-9081-ABFAE018F95E} = {CB6C961A-8444-30EE-9081-ABFAE018F95E}
		{8B7A2C48-0B83-3FE7-8F65-CC5070471327} = {8B7A2C48-0B83-3FE7-8F65-CC5070471327}
		{FA24948F-E7DE-38C3-BC43-95DF6F52648B} = {FA24948F-E7DE-38C3-BC43-95DF6F52648B}
		{BF433226-7E79-3DDF-8FDB-B853F349874A} = {BF433226-7E79-3DDF-8FDB-B853F349874A}
		{91C7123D-B531-383F-B5B2-B089154193F2} = {91C7123D-B531-383F-B5B2-B089154193F2}
	EndProjectSection
EndProject
Project("{8BC9CEB8-8B4A-11D0-8D11-00A0C91BC942}") = "INSTALL", "INSTALL.vcxproj", "{37D59ADA-7605-3649-B7B2-5E3B4098F4CF}"
	ProjectSection(ProjectDependencies) = postProject
		{35D1EFA4-EB01-33D5-95BD-F07A23531DCF} = {35D1EFA4-EB01-33D5-95BD-F07A23531DCF}
		{8B7A2C48-0B83-3FE7-8F65-CC5070471327} = {8B7A2C48-0B83-3FE7-8F65-CC5070471327}
	EndProjectSection
EndProject
Project("{8BC9CEB8-8B4A-11D0-8D11-00A0C91BC942}") = "Protonect", "examples\Protonect.vcxproj", "{CB6C961A-8444-30EE-9081-ABFAE018F95E}"
	ProjectSection(ProjectDependencies) = postProject
		{8B7A2C48-0B83-3FE7-8F65-CC5070471327} = {8B7A2C48-0B83-3FE7-8F65-CC5070471327}
		{FA24948F-E7DE-38C3-BC43-95DF6F52648B} = {FA24948F-E7DE-38C3-BC43-95DF6F52648B}
	EndProjectSection
EndProject
Project("{8BC9CEB8-8B4A-11D0-8D11-00A0C91BC942}") = "ZERO_CHECK", "ZERO_CHECK.vcxproj", "{8B7A2C48-0B83-3FE7-8F65-CC5070471327}"
	ProjectSection(ProjectDependencies) = postProject
	EndProjectSection
EndProject
Project("{8BC9CEB8-8B4A-11D0-8D11-00A0C91BC942}") = "freenect2", "freenect2.vcxproj", "{FA24948F-E7DE-38C3-BC43-95DF6F52648B}"
	ProjectSection(ProjectDependencies) = postProject
		{8B7A2C48-0B83-3FE7-8F65-CC5070471327} = {8B7A2C48-0B83-3FE7-8F65-CC5070471327}
		{91C7123D-B531-383F-B5B2-B089154193F2} = {91C7123D-B531-383F-B5B2-B089154193F2}
	EndProjectSection
EndProject
Project("{8BC9CEB8-8B4A-11D0-8D11-00A0C91BC942}") = "freenect2-openni2", "freenect2-openni2.vcxproj", "{BF433226-7E79-3DDF-8FDB-B853F349874A}"
	ProjectSection(ProjectDependencies) = postProject
		{8B7A2C48-0B83-3FE7-8F65-CC5070471327} = {8B7A2C48-0B83-3FE7-8F65-CC5070471327}
		{FA24948F-E7DE-38C3-BC43-95DF6F52648B} = {FA24948F-E7DE-38C3-BC43-95DF6F52648B}
	EndProjectSection
EndProject
Project("{8BC9CEB8-8B4A-11D0-8D11-00A0C91BC942}") = "generate_resources_tool", "generate_resources_tool.vcxproj", "{91C7123D-B531-383F-B5B2-B089154193F2}"
	ProjectSection(ProjectDependencies) = postProject
		{8B7A2C48-0B83-3FE7-8F65-CC5070471327} = {8B7A2C48-0B83-3FE7-8F65-CC5070471327}
	EndProjectSection
EndProject
Project("{8BC9CEB8-8B4A-11D0-8D11-00A0C91BC942}") = "install-openni2", "install-openni2.vcxproj", "{E7AFD10A-D1C9-3831-9ED3-8C21E4606310}"
	ProjectSection(ProjectDependencies) = postProject
		{8B7A2C48-0B83-3FE7-8F65-CC5070471327} = {8B7A2C48-0B83-3FE7-8F65-CC5070471327}
		{BF433226-7E79-3DDF-8FDB-B853F349874A} = {BF433226-7E79-3DDF-8FDB-B853F349874A}
	EndProjectSection
EndProject
Global
	GlobalSection(SolutionConfigurationPlatforms) = preSolution
		Debug|x64 = Debug|x64
		Release|x64 = Release|x64
		MinSizeRel|x64 = MinSizeRel|x64
		RelWithDebInfo|x64 = RelWithDebInfo|x64
	EndGlobalSection
	GlobalSection(ProjectConfigurationPlatforms) = postSolution
		{35D1EFA4-EB01-33D5-95BD-F07A23531DCF}.Debug|x64.ActiveCfg = Debug|x64
		{35D1EFA4-EB01-33D5-95BD-F07A23531DCF}.Debug|x64.Build.0 = Debug|x64
		{35D1EFA4-EB01-33D5-95BD-F07A23531DCF}.Release|x64.ActiveCfg = Release|x64
		{35D1EFA4-EB01-33D5-95BD-F07A23531DCF}.Release|x64.Build.0 = Release|x64
		{35D1EFA4-EB01-33D5-95BD-F07A23531DCF}.MinSizeRel|x64.ActiveCfg = MinSizeRel|x64
		{35D1EFA4-EB01-33D5-95BD-F07A23531DCF}.MinSizeRel|x64.Build.0 = MinSizeRel|x64
		{35D1EFA4-EB01-33D5-95BD-F07A23531DCF}.RelWithDebInfo|x64.ActiveCfg = RelWithDebInfo|x64
		{35D1EFA4-EB01-33D5-95BD-F07A23531DCF}.RelWithDebInfo|x64.Build.0 = RelWithDebInfo|x64
		{37D59ADA-7605-3649-B7B2-5E3B4098F4CF}.Debug|x64.ActiveCfg = Debug|x64
		{37D59ADA-7605-3649-B7B2-5E3B4098F4CF}.Release|x64.ActiveCfg = Release|x64
		{37D59ADA-7605-3649-B7B2-5E3B4098F4CF}.MinSizeRel|x64.ActiveCfg = MinSizeRel|x64
		{37D59ADA-7605-3649-B7B2-5E3B4098F4CF}.RelWithDebInfo|x64.ActiveCfg = RelWithDebInfo|x64
		{CB6C961A-8444-30EE-9081-ABFAE018F95E}.Debug|x64.ActiveCfg = Debug|x64
		{CB6C961A-8444-30EE-9081-ABFAE018F95E}.Debug|x64.Build.0 = Debug|x64
		{CB6C961A-8444-30EE-9081-ABFAE018F95E}.Release|x64.ActiveCfg = Release|x64
		{CB6C961A-8444-30EE-9081-ABFAE018F95E}.Release|x64.Build.0 = Release|x64
		{CB6C961A-8444-30EE-9081-ABFAE018F95E}.MinSizeRel|x64.ActiveCfg = MinSizeRel|x64
		{CB6C961A-8444-30EE-9081-ABFAE018F95E}.MinSizeRel|x64.Build.0 = MinSizeRel|x64
		{CB6C961A-8444-30EE-9081-ABFAE018F95E}.RelWithDebInfo|x64.ActiveCfg = RelWithDebInfo|x64
		{CB6C961A-8444-30EE-9081-ABFAE018F95E}.RelWithDebInfo|x64.Build.0 = RelWithDebInfo|x64
		{8B7A2C48-0B83-3FE7-8F65-CC5070471327}.Debug|x64.ActiveCfg = Debug|x64
		{8B7A2C48-0B83-3FE7-8F65-CC5070471327}.Debug|x64.Build.0 = Debug|x64
		{8B7A2C48-0B83-3FE7-8F65-CC5070471327}.Release|x64.ActiveCfg = Release|x64
		{8B7A2C48-0B83-3FE7-8F65-CC5070471327}.Release|x64.Build.0 = Release|x64
		{8B7A2C48-0B83-3FE7-8F65-CC5070471327}.MinSizeRel|x64.ActiveCfg = MinSizeRel|x64
		{8B7A2C48-0B83-3FE7-8F65-CC5070471327}.MinSizeRel|x64.Build.0 = MinSizeRel|x64
		{8B7A2C48-0B83-3FE7-8F65-CC5070471327}.RelWithDebInfo|x64.ActiveCfg = RelWithDebInfo|x64
		{8B7A2C48-0B83-3FE7-8F65-CC5070471327}.RelWithDebInfo|x64.Build.0 = RelWithDebInfo|x64
		{FA24948F-E7DE-38C3-BC43-95DF6F52648B}.Debug|x64.ActiveCfg = Debug|x64
		{FA24948F-E7DE-38C3-BC43-95DF6F52648B}.Debug|x64.Build.0 = Debug|x64
		{FA24948F-E7DE-38C3-BC43-95DF6F52648B}.Release|x64.ActiveCfg = Release|x64
		{FA24948F-E7DE-38C3-BC43-95DF6F52648B}.Release|x64.Build.0 = Release|x64
		{FA24948F-E7DE-38C3-BC43-95DF6F52648B}.MinSizeRel|x64.ActiveCfg = MinSizeRel|x64
		{FA24948F-E7DE-38C3-BC43-95DF6F52648B}.MinSizeRel|x64.Build.0 = MinSizeRel|x64
		{FA24948F-E7DE-38C3-BC43-95DF6F52648B}.RelWithDebInfo|x64.ActiveCfg = RelWithDebInfo|x64
		{FA24948F-E7DE-38C3-BC43-95DF6F52648B}.RelWithDebInfo|x64.Build.0 = RelWithDebInfo|x64
		{BF433226-7E79-3DDF-8FDB-B853F349874A}.Debug|x64.ActiveCfg = Debug|x64
		{BF433226-7E79-3DDF-8FDB-B853F349874A}.Debug|x64.Build.0 = Debug|x64
		{BF433226-7E79-3DDF-8FDB-B853F349874A}.Release|x64.ActiveCfg = Release|x64
		{BF433226-7E79-3DDF-8FDB-B853F349874A}.Release|x64.Build.0 = Release|x64
		{BF433226-7E79-3DDF-8FDB-B853F349874A}.MinSizeRel|x64.ActiveCfg = MinSizeRel|x64
		{BF433226-7E79-3DDF-8FDB-B853F349874A}.MinSizeRel|x64.Build.0 = MinSizeRel|x64
		{BF433226-7E79-3DDF-8FDB-B853F349874A}.RelWithDebInfo|x64.ActiveCfg = RelWithDebInfo|x64
		{BF433226-7E79-3DDF-8FDB-B853F349874A}.RelWithDebInfo|x64.Build.0 = RelWithDebInfo|x64
		{91C7123D-B531-383F-B5B2-B089154193F2}.Debug|x64.ActiveCfg = Debug|x64
		{91C7123D-B531-383F-B5B2-B089154193F2}.Debug|x64.Build.0 = Debug|x64
		{91C7123D-B531-383F-B5B2-B089154193F2}.Release|x64.ActiveCfg = Release|x64
		{91C7123D-B531-383F-B5B2-B089154193F2}.Release|x64.Build.0 = Release|x64
		{91C7123D-B531-383F-B5B2-B089154193F2}.MinSizeRel|x64.ActiveCfg = MinSizeRel|x64
		{91C7123D-B531-383F-B5B2-B089154193F2}.MinSizeRel|x64.Build.0 = MinSizeRel|x64
		{91C7123D-B531-383F-B5B2-B089154193F2}.RelWithDebInfo|x64.ActiveCfg = RelWithDebInfo|x64
		{91C7123D-B531-383F-B5B2-B089154193F2}.RelWithDebInfo|x64.Build.0 = RelWithDebInfo|x64
		{E7AFD10A-D1C9-3831-9ED3-8C21E4606310}.Debug|x64.ActiveCfg = Debug|x64
		{E7AFD10A-D1C9-3831-9ED3-8C21E4606310}.Release|x64.ActiveCfg = Release|x64
		{E7AFD10A-D1C9-3831-9ED3-8C21E4606310}.MinSizeRel|x64.ActiveCfg = MinSizeRel|x64
		{E7AFD10A-D1C9-3831-9ED3-8C21E4606310}.RelWithDebInfo|x64.ActiveCfg = RelWithDebInfo|x64
	EndGlobalSection
	GlobalSection(ExtensibilityGlobals) = postSolution
		SolutionGuid = {9D8CA210-7730-3178-8A7C-680FC136994F}
	EndGlobalSection
	GlobalSection(ExtensibilityAddIns) = postSolution
	EndGlobalSection
EndGlobal
